
Microsoft Visual Studio Solution File, Format Version 12.00
# Visual Studio Version 17
VisualStudioVersion = 17.5.33424.131
MinimumVisualStudioVersion = 10.0.40219.1
Project("{FAE04EC0-301F-11D3-BF4B-00C04F79EFBC}") = "Exercicio 17", "Exercicio 17\Exercicio 17.csproj", "{CD583BAA-1B75-4F0A-B0F5-1A087979ED21}"
EndProject
Global
	GlobalSection(SolutionConfigurationPlatforms) = preSolution
		Debug|Any CPU = Debug|Any CPU
		Release|Any CPU = Release|Any CPU
	EndGlobalSection
	GlobalSection(ProjectConfigurationPlatforms) = postSolution
		{CD583BAA-1B75-4F0A-B0F5-1A087979ED21}.Debug|Any CPU.ActiveCfg = Debug|Any CPU
		{CD583BAA-1B75-4F0A-B0F5-1A087979ED21}.Debug|Any CPU.Build.0 = Debug|Any CPU
		{CD583BAA-1B75-4F0A-B0F5-1A087979ED21}.Release|Any CPU.ActiveCfg = Release|Any CPU
		{CD583BAA-1B75-4F0A-B0F5-1A087979ED21}.Release|Any CPU.Build.0 = Release|Any CPU
	EndGlobalSection
	GlobalSection(SolutionProperties) = preSolution
		HideSolutionNode = FALSE
	EndGlobalSection
	GlobalSection(ExtensibilityGlobals) = postSolution
		SolutionGuid = {A26311EF-E368-48D1-BAAE-B06D63D2BE92}
	EndGlobalSection
EndGlobal
