
Microsoft Visual Studio Solution File, Format Version 12.00
# Visual Studio Version 17
VisualStudioVersion = 17.5.33424.131
MinimumVisualStudioVersion = 10.0.40219.1
Project("{FAE04EC0-301F-11D3-BF4B-00C04F79EFBC}") = "Exercicio 8", "Exercicio 8\Exercicio 8.csproj", "{EDD97593-437F-41C8-A892-6DA2B48DDFBC}"
EndProject
Global
	GlobalSection(SolutionConfigurationPlatforms) = preSolution
		Debug|Any CPU = Debug|Any CPU
		Release|Any CPU = Release|Any CPU
	EndGlobalSection
	GlobalSection(ProjectConfigurationPlatforms) = postSolution
		{EDD97593-437F-41C8-A892-6DA2B48DDFBC}.Debug|Any CPU.ActiveCfg = Debug|Any CPU
		{EDD97593-437F-41C8-A892-6DA2B48DDFBC}.Debug|Any CPU.Build.0 = Debug|Any CPU
		{EDD97593-437F-41C8-A892-6DA2B48DDFBC}.Release|Any CPU.ActiveCfg = Release|Any CPU
		{EDD97593-437F-41C8-A892-6DA2B48DDFBC}.Release|Any CPU.Build.0 = Release|Any CPU
	EndGlobalSection
	GlobalSection(SolutionProperties) = preSolution
		HideSolutionNode = FALSE
	EndGlobalSection
	GlobalSection(ExtensibilityGlobals) = postSolution
		SolutionGuid = {89A7A2C4-AC60-4651-B7C1-3944A4FA367E}
	EndGlobalSection
EndGlobal
