
Microsoft Visual Studio Solution File, Format Version 12.00
# Visual Studio Version 17
VisualStudioVersion = 17.5.33424.131
MinimumVisualStudioVersion = 10.0.40219.1
Project("{FAE04EC0-301F-11D3-BF4B-00C04F79EFBC}") = "Exercicio 6 - parte 2", "Exercicio 6 - parte 2\Exercicio 6 - parte 2.csproj", "{0F3134CF-F8A3-45F7-B851-FA5844DFD295}"
EndProject
Global
	GlobalSection(SolutionConfigurationPlatforms) = preSolution
		Debug|Any CPU = Debug|Any CPU
		Release|Any CPU = Release|Any CPU
	EndGlobalSection
	GlobalSection(ProjectConfigurationPlatforms) = postSolution
		{0F3134CF-F8A3-45F7-B851-FA5844DFD295}.Debug|Any CPU.ActiveCfg = Debug|Any CPU
		{0F3134CF-F8A3-45F7-B851-FA5844DFD295}.Debug|Any CPU.Build.0 = Debug|Any CPU
		{0F3134CF-F8A3-45F7-B851-FA5844DFD295}.Release|Any CPU.ActiveCfg = Release|Any CPU
		{0F3134CF-F8A3-45F7-B851-FA5844DFD295}.Release|Any CPU.Build.0 = Release|Any CPU
	EndGlobalSection
	GlobalSection(SolutionProperties) = preSolution
		HideSolutionNode = FALSE
	EndGlobalSection
	GlobalSection(ExtensibilityGlobals) = postSolution
		SolutionGuid = {375407E4-A0C3-4DA8-AFB6-AD54265B0585}
	EndGlobalSection
EndGlobal
